
Microsoft Visual Studio Solution File, Format Version 12.00
# Visual Studio 15
VisualStudioVersion = 15.0.27703.2042
MinimumVisualStudioVersion = 10.0.40219.1
Project("{9A19103F-16F7-4668-BE54-9A1E7A4F7556}") = "Niver.Core.Api", "Niver.Core.Api\Niver.Core.Api.csproj", "{B5C3C51F-41FB-49A3-AF5D-38E2057F8AFC}"
EndProject
Project("{9A19103F-16F7-4668-BE54-9A1E7A4F7556}") = "Niver.Core.Application", "Niver.Core.Application\Niver.Core.Application.csproj", "{F4693B5B-55F9-4D48-B822-54AB9F218F3C}"
EndProject
Project("{9A19103F-16F7-4668-BE54-9A1E7A4F7556}") = "Niver.Core.Domain", "Niver.Core.Domain\Niver.Core.Domain.csproj", "{8AC014BA-DB50-44E7-B3F2-C69DC860A04D}"
EndProject
Project("{9A19103F-16F7-4668-BE54-9A1E7A4F7556}") = "Niver.Core.Infrastructure", "Niver.Core.Infraintructure\Niver.Core.Infrastructure.csproj", "{F2ED3FBC-2C2A-43C4-922E-B849FCA9D899}"
EndProject
Project("{9A19103F-16F7-4668-BE54-9A1E7A4F7556}") = "Niver.Core.Application.Test", "Niver.Core.Application.Test\Niver.Core.Application.Test.csproj", "{1BF0BB2B-DC8B-48AC-874B-3256F49B26A2}"
EndProject
Project("{FAE04EC0-301F-11D3-BF4B-00C04F79EFBC}") = "Niver.Core.Api.Tests", "Niver.Core.Api.Tests\Niver.Core.Api.Tests.csproj", "{5753A1F3-9904-470D-B099-BB30FACFC2B2}"
EndProject
Project("{FAE04EC0-301F-11D3-BF4B-00C04F79EFBC}") = "Niver.Core.Domain.Tests", "Niver.Core.Domain.Tests\Niver.Core.Domain.Tests.csproj", "{2E58B4BB-DD3D-4701-ADD1-3583231523A6}"
EndProject
Global
	GlobalSection(SolutionConfigurationPlatforms) = preSolution
		Debug|Any CPU = Debug|Any CPU
		Release|Any CPU = Release|Any CPU
	EndGlobalSection
	GlobalSection(ProjectConfigurationPlatforms) = postSolution
		{B5C3C51F-41FB-49A3-AF5D-38E2057F8AFC}.Debug|Any CPU.ActiveCfg = Debug|Any CPU
		{B5C3C51F-41FB-49A3-AF5D-38E2057F8AFC}.Debug|Any CPU.Build.0 = Debug|Any CPU
		{B5C3C51F-41FB-49A3-AF5D-38E2057F8AFC}.Release|Any CPU.ActiveCfg = Release|Any CPU
		{B5C3C51F-41FB-49A3-AF5D-38E2057F8AFC}.Release|Any CPU.Build.0 = Release|Any CPU
		{F4693B5B-55F9-4D48-B822-54AB9F218F3C}.Debug|Any CPU.ActiveCfg = Debug|Any CPU
		{F4693B5B-55F9-4D48-B822-54AB9F218F3C}.Debug|Any CPU.Build.0 = Debug|Any CPU
		{F4693B5B-55F9-4D48-B822-54AB9F218F3C}.Release|Any CPU.ActiveCfg = Release|Any CPU
		{F4693B5B-55F9-4D48-B822-54AB9F218F3C}.Release|Any CPU.Build.0 = Release|Any CPU
		{8AC014BA-DB50-44E7-B3F2-C69DC860A04D}.Debug|Any CPU.ActiveCfg = Debug|Any CPU
		{8AC014BA-DB50-44E7-B3F2-C69DC860A04D}.Debug|Any CPU.Build.0 = Debug|Any CPU
		{8AC014BA-DB50-44E7-B3F2-C69DC860A04D}.Release|Any CPU.ActiveCfg = Release|Any CPU
		{8AC014BA-DB50-44E7-B3F2-C69DC860A04D}.Release|Any CPU.Build.0 = Release|Any CPU
		{F2ED3FBC-2C2A-43C4-922E-B849FCA9D899}.Debug|Any CPU.ActiveCfg = Debug|Any CPU
		{F2ED3FBC-2C2A-43C4-922E-B849FCA9D899}.Debug|Any CPU.Build.0 = Debug|Any CPU
		{F2ED3FBC-2C2A-43C4-922E-B849FCA9D899}.Release|Any CPU.ActiveCfg = Release|Any CPU
		{F2ED3FBC-2C2A-43C4-922E-B849FCA9D899}.Release|Any CPU.Build.0 = Release|Any CPU
		{1BF0BB2B-DC8B-48AC-874B-3256F49B26A2}.Debug|Any CPU.ActiveCfg = Debug|Any CPU
		{1BF0BB2B-DC8B-48AC-874B-3256F49B26A2}.Debug|Any CPU.Build.0 = Debug|Any CPU
		{1BF0BB2B-DC8B-48AC-874B-3256F49B26A2}.Release|Any CPU.ActiveCfg = Release|Any CPU
		{1BF0BB2B-DC8B-48AC-874B-3256F49B26A2}.Release|Any CPU.Build.0 = Release|Any CPU
		{5753A1F3-9904-470D-B099-BB30FACFC2B2}.Debug|Any CPU.ActiveCfg = Debug|Any CPU
		{5753A1F3-9904-470D-B099-BB30FACFC2B2}.Debug|Any CPU.Build.0 = Debug|Any CPU
		{5753A1F3-9904-470D-B099-BB30FACFC2B2}.Release|Any CPU.ActiveCfg = Release|Any CPU
		{5753A1F3-9904-470D-B099-BB30FACFC2B2}.Release|Any CPU.Build.0 = Release|Any CPU
		{2E58B4BB-DD3D-4701-ADD1-3583231523A6}.Debug|Any CPU.ActiveCfg = Debug|Any CPU
		{2E58B4BB-DD3D-4701-ADD1-3583231523A6}.Debug|Any CPU.Build.0 = Debug|Any CPU
		{2E58B4BB-DD3D-4701-ADD1-3583231523A6}.Release|Any CPU.ActiveCfg = Release|Any CPU
		{2E58B4BB-DD3D-4701-ADD1-3583231523A6}.Release|Any CPU.Build.0 = Release|Any CPU
	EndGlobalSection
	GlobalSection(SolutionProperties) = preSolution
		HideSolutionNode = FALSE
	EndGlobalSection
	GlobalSection(ExtensibilityGlobals) = postSolution
		SolutionGuid = {C387FABD-34BC-481D-9473-D65F29C91C9D}
	EndGlobalSection
EndGlobal
